{
  "version": 2,
  "dependencies": {
    "net10.0-windows7.0": {
      "GameDevUsageBar": {
        "type": "Project",
        "dependencies": {
          "GameDevUsageBar.Core": "[0.9.0, )",
          "GameDevUsageBar.Infrastructure": "[0.9.0, )",
          "GameDevUsageBar.Providers": "[0.9.0, )",
          "Microsoft.Web.WebView2": "[1.0.4258.31, )"
        }
      },
      "gamedevusagebar.core": {
        "type": "Project"
      },
      "gamedevusagebar.infrastructure": {
        "type": "Project",
        "dependencies": {
          "GameDevUsageBar.Core": "[0.9.0, )"
        }
      },
      "gamedevusagebar.providers": {
        "type": "Project",
        "dependencies": {
          "GameDevUsageBar.Core": "[0.9.0, )"
        }
      },
      "Microsoft.Web.WebView2": {
        "type": "CentralTransitive",
        "requested": "[1.0.4258.31, )",
        "resolved": "1.0.4258.31",
        "contentHash": "sHVZ2MQrHT1J3q5/6csn0fIP27rzpTO/RRC+wPQDrZheB7T4t2n+vVbY6SdCKr4WRV9s/gmBM3PPMWWJtoDzMg=="
      }
    },
    "net10.0-windows7.0/win-x64": {
      "Microsoft.Web.WebView2": {
        "type": "CentralTransitive",
        "requested": "[1.0.4258.31, )",
        "resolved": "1.0.4258.31",
        "contentHash": "sHVZ2MQrHT1J3q5/6csn0fIP27rzpTO/RRC+wPQDrZheB7T4t2n+vVbY6SdCKr4WRV9s/gmBM3PPMWWJtoDzMg=="
      }
    }
  }
}